
Microsoft Visual Studio Solution File, Format Version 9.00
# Visual Studio 2005
Project("{FAE04EC0-301F-11D3-BF4B-00C04F79EFBC}") = "Serialization", "Serialization\Serialization.csproj", "{74B50FF2-DB47-4099-BFF3-ACD6D51E5ABE}"
EndProject
Global
	GlobalSection(SolutionConfigurationPlatforms) = preSolution
		Debug|Any CPU = Debug|Any CPU
		Release|Any CPU = Release|Any CPU
	EndGlobalSection
	GlobalSection(ProjectConfigurationPlatforms) = postSolution
		{74B50FF2-DB47-4099-BFF3-ACD6D51E5ABE}.Debug|Any CPU.ActiveCfg = Debug|Any CPU
		{74B50FF2-DB47-4099-BFF3-ACD6D51E5ABE}.Debug|Any CPU.Build.0 = Debug|Any CPU
		{74B50FF2-DB47-4099-BFF3-ACD6D51E5ABE}.Release|Any CPU.ActiveCfg = Release|Any CPU
		{74B50FF2-DB47-4099-BFF3-ACD6D51E5ABE}.Release|Any CPU.Build.0 = Release|Any CPU
	EndGlobalSection
	GlobalSection(SolutionProperties) = preSolution
		HideSolutionNode = FALSE
	EndGlobalSection
EndGlobal
