
Microsoft Visual Studio Solution File, Format Version 11.00
# Visual Studio 2010
Project("{FAE04EC0-301F-11D3-BF4B-00C04F79EFBC}") = "DynamicOfficeInterop", "DynamicOfficeInterop\DynamicOfficeInterop.csproj", "{B2F90107-798D-44E1-A91F-F0D9843C5230}"
EndProject
Global
	GlobalSection(SolutionConfigurationPlatforms) = preSolution
		Debug|x86 = Debug|x86
		Release|x86 = Release|x86
	EndGlobalSection
	GlobalSection(ProjectConfigurationPlatforms) = postSolution
		{B2F90107-798D-44E1-A91F-F0D9843C5230}.Debug|x86.ActiveCfg = Debug|x86
		{B2F90107-798D-44E1-A91F-F0D9843C5230}.Debug|x86.Build.0 = Debug|x86
		{B2F90107-798D-44E1-A91F-F0D9843C5230}.Release|x86.ActiveCfg = Release|x86
		{B2F90107-798D-44E1-A91F-F0D9843C5230}.Release|x86.Build.0 = Release|x86
	EndGlobalSection
	GlobalSection(SolutionProperties) = preSolution
		HideSolutionNode = FALSE
	EndGlobalSection
EndGlobal
